
Microsoft Visual Studio Solution File, Format Version 12.00
# Visual Studio Version 17
VisualStudioVersion = 17.3.32929.385
MinimumVisualStudioVersion = 10.0.40219.1
Project("{FAE04EC0-301F-11D3-BF4B-00C04F79EFBC}") = "ExpenceTracker", "ExpenceTracker\ExpenceTracker.csproj", "{4202BD99-74BA-4F9F-874D-34377ACDFB94}"
EndProject
Project("{2150E333-8FDC-42A3-9474-1A3956D46DE8}") = "Solution Items", "Solution Items", "{819933E6-42C9-4510-807C-2F8C20BABCD5}"
	ProjectSection(SolutionItems) = preProject
		.editorconfig = .editorconfig
	EndProjectSection
EndProject
Global
	GlobalSection(SolutionConfigurationPlatforms) = preSolution
		Debug|Any CPU = Debug|Any CPU
		Release|Any CPU = Release|Any CPU
	EndGlobalSection
	GlobalSection(ProjectConfigurationPlatforms) = postSolution
		{4202BD99-74BA-4F9F-874D-34377ACDFB94}.Debug|Any CPU.ActiveCfg = Debug|Any CPU
		{4202BD99-74BA-4F9F-874D-34377ACDFB94}.Debug|Any CPU.Build.0 = Debug|Any CPU
		{4202BD99-74BA-4F9F-874D-34377ACDFB94}.Release|Any CPU.ActiveCfg = Release|Any CPU
		{4202BD99-74BA-4F9F-874D-34377ACDFB94}.Release|Any CPU.Build.0 = Release|Any CPU
	EndGlobalSection
	GlobalSection(SolutionProperties) = preSolution
		HideSolutionNode = FALSE
	EndGlobalSection
	GlobalSection(ExtensibilityGlobals) = postSolution
		SolutionGuid = {AFF6DBC3-951C-45B1-B5B9-42916B8850E1}
	EndGlobalSection
EndGlobal
